
Microsoft Visual Studio Solution File, Format Version 12.00
# Visual Studio Version 17
VisualStudioVersion = 17.13.35919.96 d17.13
MinimumVisualStudioVersion = 10.0.40219.1
Project("{FAE04EC0-301F-11D3-BF4B-00C04F79EFBC}") = "HelloWorldWinform", "HelloWorldWinform.csproj", "{DE5E4DB5-D4B6-4F58-B9F1-FB08E267E8ED}"
EndProject
Global
	GlobalSection(SolutionConfigurationPlatforms) = preSolution
		Debug|Any CPU = Debug|Any CPU
		Release|Any CPU = Release|Any CPU
	EndGlobalSection
	GlobalSection(ProjectConfigurationPlatforms) = postSolution
		{DE5E4DB5-D4B6-4F58-B9F1-FB08E267E8ED}.Debug|Any CPU.ActiveCfg = Debug|Any CPU
		{DE5E4DB5-D4B6-4F58-B9F1-FB08E267E8ED}.Debug|Any CPU.Build.0 = Debug|Any CPU
		{DE5E4DB5-D4B6-4F58-B9F1-FB08E267E8ED}.Release|Any CPU.ActiveCfg = Release|Any CPU
		{DE5E4DB5-D4B6-4F58-B9F1-FB08E267E8ED}.Release|Any CPU.Build.0 = Release|Any CPU
	EndGlobalSection
	GlobalSection(SolutionProperties) = preSolution
		HideSolutionNode = FALSE
	EndGlobalSection
	GlobalSection(ExtensibilityGlobals) = postSolution
		SolutionGuid = {28B70318-375A-488E-8EDC-82A6CBEB6D72}
	EndGlobalSection
EndGlobal
